
Microsoft Visual Studio Solution File, Format Version 12.00
# Visual Studio Version 16
VisualStudioVersion = 16.0.30709.64
MinimumVisualStudioVersion = 10.0.40219.1
Project("{2150E333-8FDC-42A3-9474-1A3956D46DE8}") = "Microservice", "Microservice", "{148D3889-4DC6-466D-9E73-27963E4E2DB1}"
EndProject
Project("{9A19103F-16F7-4668-BE54-9A1E7A4F7556}") = "data_types_api", "data_types_api\data_types_api.csproj", "{4BEF25CC-D26F-476B-AD52-81FC378DED80}"
EndProject
Project("{E53339B2-1760-4266-BCC7-CA923CBCF16C}") = "docker-compose", "docker-compose.dcproj", "{05CEAECC-7F41-406B-B474-FC19B6C3372F}"
EndProject
Project("{2150E333-8FDC-42A3-9474-1A3956D46DE8}") = "Images", "Images", "{61BC8B45-56F6-4B3F-8D1F-E9DB261542C9}"
	ProjectSection(SolutionItems) = preProject
		..\..\..\..\Desktop\TraumaRegistry\itdsschemadefinition.JPG = ..\..\..\..\Desktop\TraumaRegistry\itdsschemadefinition.JPG
	EndProjectSection
EndProject
Global
	GlobalSection(SolutionConfigurationPlatforms) = preSolution
		Debug|Any CPU = Debug|Any CPU
		Release|Any CPU = Release|Any CPU
	EndGlobalSection
	GlobalSection(ProjectConfigurationPlatforms) = postSolution
		{4BEF25CC-D26F-476B-AD52-81FC378DED80}.Debug|Any CPU.ActiveCfg = Debug|Any CPU
		{4BEF25CC-D26F-476B-AD52-81FC378DED80}.Debug|Any CPU.Build.0 = Debug|Any CPU
		{4BEF25CC-D26F-476B-AD52-81FC378DED80}.Release|Any CPU.ActiveCfg = Release|Any CPU
		{4BEF25CC-D26F-476B-AD52-81FC378DED80}.Release|Any CPU.Build.0 = Release|Any CPU
		{05CEAECC-7F41-406B-B474-FC19B6C3372F}.Debug|Any CPU.ActiveCfg = Debug|Any CPU
		{05CEAECC-7F41-406B-B474-FC19B6C3372F}.Debug|Any CPU.Build.0 = Debug|Any CPU
		{05CEAECC-7F41-406B-B474-FC19B6C3372F}.Release|Any CPU.ActiveCfg = Release|Any CPU
		{05CEAECC-7F41-406B-B474-FC19B6C3372F}.Release|Any CPU.Build.0 = Release|Any CPU
	EndGlobalSection
	GlobalSection(SolutionProperties) = preSolution
		HideSolutionNode = FALSE
	EndGlobalSection
	GlobalSection(NestedProjects) = preSolution
		{4BEF25CC-D26F-476B-AD52-81FC378DED80} = {148D3889-4DC6-466D-9E73-27963E4E2DB1}
	EndGlobalSection
	GlobalSection(ExtensibilityGlobals) = postSolution
		SolutionGuid = {EB463F7A-A75E-4CA6-B3EA-A3A6E224E97E}
	EndGlobalSection
EndGlobal
